
Microsoft Visual Studio Solution File, Format Version 12.00
# Visual Studio Version 17
VisualStudioVersion = 17.5.002.0
MinimumVisualStudioVersion = 10.0.40219.1
Project("{9A19103F-16F7-4668-BE54-9A1E7A4F7556}") = "api", "api.csproj", "{BF0538E8-AD88-4F52-B44F-D4D26E3F6B65}"
EndProject
Global
	GlobalSection(SolutionConfigurationPlatforms) = preSolution
		Debug|Any CPU = Debug|Any CPU
		Release|Any CPU = Release|Any CPU
	EndGlobalSection
	GlobalSection(ProjectConfigurationPlatforms) = postSolution
		{BF0538E8-AD88-4F52-B44F-D4D26E3F6B65}.Debug|Any CPU.ActiveCfg = Debug|Any CPU
		{BF0538E8-AD88-4F52-B44F-D4D26E3F6B65}.Debug|Any CPU.Build.0 = Debug|Any CPU
		{BF0538E8-AD88-4F52-B44F-D4D26E3F6B65}.Release|Any CPU.ActiveCfg = Release|Any CPU
		{BF0538E8-AD88-4F52-B44F-D4D26E3F6B65}.Release|Any CPU.Build.0 = Release|Any CPU
	EndGlobalSection
	GlobalSection(SolutionProperties) = preSolution
		HideSolutionNode = FALSE
	EndGlobalSection
	GlobalSection(ExtensibilityGlobals) = postSolution
		SolutionGuid = {76759DFA-2296-418A-9F38-22B4C989A31A}
	EndGlobalSection
EndGlobal
